# This file is automatically @generated by Cargo.
# It is not intended for manual editing.
version = 4

[[package]]
name = "crdts"
version = "0.1.0"
dependencies = [
 "sorted_array",
]

[[package]]
name = "slice_search"
version = "0.1.2"
source = "registry+https://github.com/rust-lang/crates.io-index"
checksum = "02dd443653068fdb1778e2ff89b2372d3b300451609cda3250887be9a70b7d35"

[[package]]
name = "sorted_array"
version = "0.1.3"
source = "registry+https://github.com/rust-lang/crates.io-index"
checksum = "3f07fbebc315ec19dee964d165a06a142dd6bc07e52330fad4b15c4f230d7cb2"
dependencies = [
 "slice_search",
]
